<?xml version="1.0" encoding="utf-8"?>
<Project ToolsVersion="4.0" xmlns="http://schemas.microsoft.com/developer/msbuild/2003">
  <ItemGroup>
    <Filter Include="ソース ファイル">
      <UniqueIdentifier>{4FC737F1-C7A5-4376-A066-2A32D752A2FF}</UniqueIdentifier>
      <Extensions>cpp;c;cc;cxx;c++;cppm;ixx;def;odl;idl;hpj;bat;asm;asmx</Extensions>
    </Filter>
    <Filter Include="ヘッダー ファイル">
      <UniqueIdentifier>{93995380-89BD-4b04-88EB-625FBE52EBFB}</UniqueIdentifier>
      <Extensions>h;hh;hpp;hxx;h++;hm;inl;inc;ipp;xsd</Extensions>
    </Filter>
    <Filter Include="リソース ファイル">
      <UniqueIdentifier>{67DA6AB6-F800-4c08-8B7A-83BB121AAD01}</UniqueIdentifier>
      <Extensions>rc;ico;cur;bmp;dlg;rc2;rct;bin;rgs;gif;jpg;jpeg;jpe;resx;tiff;tif;png;wav;mfcribbon-ms</Extensions>
    </Filter>
    <Filter Include="Scene">
      <UniqueIdentifier>{0df87380-b695-4a14-83df-c99b0a74aca1}</UniqueIdentifier>
    </Filter>
    <Filter Include="Character">
      <UniqueIdentifier>{96d237da-97ff-48a6-829c-8bf087b5c01d}</UniqueIdentifier>
    </Filter>
    <Filter Include="Input">
      <UniqueIdentifier>{a013c8fb-72aa-4e62-950e-0a58c7a3a6dc}</UniqueIdentifier>
    </Filter>
    <Filter Include="UI">
      <UniqueIdentifier>{6ca05195-ca1e-4bd8-9c7f-09e9b1c6c6e6}</UniqueIdentifier>
    </Filter>
    <Filter Include="Effect">
      <UniqueIdentifier>{12b37177-fc54-4949-8393-0ad1bc2f1d78}</UniqueIdentifier>
    </Filter>
    <Filter Include="GameManager">
      <UniqueIdentifier>{a2e9386f-6409-416e-9757-b5245a4ff0e7}</UniqueIdentifier>
    </Filter>
    <Filter Include="Sound">
      <UniqueIdentifier>{4ca254dd-963b-45b7-8861-2087eb8253b4}</UniqueIdentifier>
    </Filter>
    <Filter Include="Select">
      <UniqueIdentifier>{5cc94ace-855b-45d9-a184-66e8c849904c}</UniqueIdentifier>
    </Filter>
    <Filter Include="Result">
      <UniqueIdentifier>{f73f442b-75a6-4fca-8171-7d7e6b389994}</UniqueIdentifier>
    </Filter>
  </ItemGroup>
  <ItemGroup>
    <ClCompile Include="main.cpp">
      <Filter>ソース ファイル</Filter>
    </ClCompile>
    <ClCompile Include="GameDefine.h">
      <Filter>ヘッダー ファイル</Filter>
    </ClCompile>
    <ClCompile Include="Animation.cpp">
      <Filter>ソース ファイル</Filter>
    </ClCompile>
    <ClCompile Include="HadouBullet.cpp">
      <Filter>ソース ファイル</Filter>
    </ClCompile>
    <ClCompile Include="SceneBase.cpp">
      <Filter>Scene</Filter>
    </ClCompile>
    <ClCompile Include="SceneMain.cpp">
      <Filter>Scene</Filter>
    </ClCompile>
    <ClCompile Include="SceneManager.cpp">
      <Filter>Scene</Filter>
    </ClCompile>
    <ClCompile Include="Pad.cpp">
      <Filter>Input</Filter>
    </ClCompile>
    <ClCompile Include="InputBuffer.cpp">
      <Filter>Input</Filter>
    </ClCompile>
    <ClCompile Include="CommandManager.cpp">
      <Filter>Input</Filter>
    </ClCompile>
    <ClCompile Include="Rect.cpp">
      <Filter>ソース ファイル</Filter>
    </ClCompile>
    <ClCompile Include="Bg.cpp">
      <Filter>ソース ファイル</Filter>
    </ClCompile>
    <ClCompile Include="BulletManager.cpp">
      <Filter>ソース ファイル</Filter>
    </ClCompile>
    <ClCompile Include="ColCheck.cpp">
      <Filter>Character</Filter>
    </ClCompile>
    <ClCompile Include="Nova.cpp">
      <Filter>Character</Filter>
    </ClCompile>
    <ClCompile Include="Player.cpp">
      <Filter>Character</Filter>
    </ClCompile>
    <ClCompile Include="UIManager.cpp">
      <Filter>UI</Filter>
    </ClCompile>
    <ClCompile Include="EffectManager.cpp">
      <Filter>Effect</Filter>
    </ClCompile>
    <ClCompile Include="Animator.cpp">
      <Filter>ソース ファイル</Filter>
    </ClCompile>
    <ClCompile Include="GameManager.cpp">
      <Filter>GameManager</Filter>
    </ClCompile>
    <ClCompile Include="ResultScene.cpp">
      <Filter>Scene</Filter>
    </ClCompile>
    <ClCompile Include="Shartel.cpp">
      <Filter>Character</Filter>
    </ClCompile>
    <ClCompile Include="TimeUIManager.cpp">
      <Filter>UI</Filter>
    </ClCompile>
    <ClCompile Include="HPUIManager.cpp">
      <Filter>UI</Filter>
    </ClCompile>
    <ClCompile Include="SelectScene.cpp">
      <Filter>Scene</Filter>
    </ClCompile>
    <ClCompile Include="TitleScene.cpp">
      <Filter>Scene</Filter>
    </ClCompile>
    <ClCompile Include="SoundManager.cpp">
      <Filter>Sound</Filter>
    </ClCompile>
    <ClCompile Include="SelectChara.cpp">
      <Filter>Select</Filter>
    </ClCompile>
    <ClCompile Include="ControllerUI.cpp">
      <Filter>Select</Filter>
    </ClCompile>
    <ClCompile Include="PointUI.cpp">
      <Filter>UI</Filter>
    </ClCompile>
    <ClCompile Include="WinChara.cpp">
      <Filter>Result</Filter>
    </ClCompile>
  </ItemGroup>
  <ItemGroup>
    <ClInclude Include="Animation.h">
      <Filter>ヘッダー ファイル</Filter>
    </ClInclude>
    <ClInclude Include="HadouBullet.h">
      <Filter>ヘッダー ファイル</Filter>
    </ClInclude>
    <ClInclude Include="SceneBase.h">
      <Filter>Scene</Filter>
    </ClInclude>
    <ClInclude Include="SceneMain.h">
      <Filter>Scene</Filter>
    </ClInclude>
    <ClInclude Include="SceneManager.h">
      <Filter>Scene</Filter>
    </ClInclude>
    <ClInclude Include="GameData.h">
      <Filter>ヘッダー ファイル</Filter>
    </ClInclude>
    <ClInclude Include="Vec2.h">
      <Filter>ヘッダー ファイル</Filter>
    </ClInclude>
    <ClInclude Include="Rect.h">
      <Filter>ヘッダー ファイル</Filter>
    </ClInclude>
    <ClInclude Include="Pad.h">
      <Filter>Input</Filter>
    </ClInclude>
    <ClInclude Include="InputBuffer.h">
      <Filter>Input</Filter>
    </ClInclude>
    <ClInclude Include="CommandManager.h">
      <Filter>Input</Filter>
    </ClInclude>
    <ClInclude Include="SceneID.h">
      <Filter>Scene</Filter>
    </ClInclude>
    <ClInclude Include="Bg.h">
      <Filter>ヘッダー ファイル</Filter>
    </ClInclude>
    <ClInclude Include="ButtonType.h">
      <Filter>ヘッダー ファイル</Filter>
    </ClInclude>
    <ClInclude Include="BulletManager.h">
      <Filter>ソース ファイル</Filter>
    </ClInclude>
    <ClInclude Include="ColCheck.h">
      <Filter>Character</Filter>
    </ClInclude>
    <ClInclude Include="Nova.h">
      <Filter>Character</Filter>
    </ClInclude>
    <ClInclude Include="Player.h">
      <Filter>Character</Filter>
    </ClInclude>
    <ClInclude Include="UIManager.h">
      <Filter>UI</Filter>
    </ClInclude>
    <ClInclude Include="EffectManager.h">
      <Filter>Effect</Filter>
    </ClInclude>
    <ClInclude Include="Animator.h">
      <Filter>ソース ファイル</Filter>
    </ClInclude>
    <ClInclude Include="GameManager.h">
      <Filter>GameManager</Filter>
    </ClInclude>
    <ClInclude Include="ResultScene.h">
      <Filter>Scene</Filter>
    </ClInclude>
    <ClInclude Include="Shartel.h">
      <Filter>Character</Filter>
    </ClInclude>
    <ClInclude Include="TimeUIManager.h">
      <Filter>UI</Filter>
    </ClInclude>
    <ClInclude Include="HPUIManager.h">
      <Filter>UI</Filter>
    </ClInclude>
    <ClInclude Include="SelectScene.h">
      <Filter>Scene</Filter>
    </ClInclude>
    <ClInclude Include="TitleScene.h">
      <Filter>Scene</Filter>
    </ClInclude>
    <ClInclude Include="SoundManager.h">
      <Filter>Sound</Filter>
    </ClInclude>
    <ClInclude Include="SelectChara.h">
      <Filter>Select</Filter>
    </ClInclude>
    <ClInclude Include="ControllerUI.h">
      <Filter>Select</Filter>
    </ClInclude>
    <ClInclude Include="PointUI.h">
      <Filter>UI</Filter>
    </ClInclude>
    <ClInclude Include="WinChara.h">
      <Filter>Result</Filter>
    </ClInclude>
  </ItemGroup>
</Project>